# THIS IS AN AUTOGENERATED FILE. DO NOT EDIT THIS FILE DIRECTLY.
# yarn lockfile v1


nan@^2.15.0:
  version "2.15.0"
  resolved "https://registry.yarnpkg.com/nan/-/nan-2.15.0.tgz#3f34a473ff18e15c1b5626b62903b5ad6e665fee"
  integrity sha512-8ZtvEnA2c5aYCZYd1cvgdnU6cqwixRoYg70xPLWUws5ORTa/lnw+u4amixRS/Ac5U5mQVgp9pnlSUnbNWFaWZQ==

tree-sitter-cli@^0.20.0:
  version "0.20.0"
  resolved "https://registry.yarnpkg.com/tree-sitter-cli/-/tree-sitter-cli-0.20.0.tgz#feaaa11c7ecf44a6e236aa1e2963b85d045d33cc"
  integrity sha512-4D1qapWbJXZ5rrSUGM5rcw5Vuq/smzn9KbiFRhlON6KeuuXjra+KAtDYVrDgAoLIG4ku+jbEEGrJxCptUGi3dg==
